
Microsoft Visual Studio Solution File, Format Version 12.00
# Visual Studio Version 17
VisualStudioVersion = 17.3.32804.467
MinimumVisualStudioVersion = 10.0.40219.1
Project("{FAE04EC0-301F-11D3-BF4B-00C04F79EFBC}") = "02Metodos", "02Metodos\02Metodos.csproj", "{B4B13218-067B-4386-9300-205425A523DB}"
EndProject
Global
	GlobalSection(SolutionConfigurationPlatforms) = preSolution
		Debug|Any CPU = Debug|Any CPU
		Release|Any CPU = Release|Any CPU
	EndGlobalSection
	GlobalSection(ProjectConfigurationPlatforms) = postSolution
		{B4B13218-067B-4386-9300-205425A523DB}.Debug|Any CPU.ActiveCfg = Debug|Any CPU
		{B4B13218-067B-4386-9300-205425A523DB}.Debug|Any CPU.Build.0 = Debug|Any CPU
		{B4B13218-067B-4386-9300-205425A523DB}.Release|Any CPU.ActiveCfg = Release|Any CPU
		{B4B13218-067B-4386-9300-205425A523DB}.Release|Any CPU.Build.0 = Release|Any CPU
	EndGlobalSection
	GlobalSection(SolutionProperties) = preSolution
		HideSolutionNode = FALSE
	EndGlobalSection
	GlobalSection(ExtensibilityGlobals) = postSolution
		SolutionGuid = {45A886A9-F778-49EC-A901-CACEF0BCBBBA}
	EndGlobalSection
EndGlobal
