
Microsoft Visual Studio Solution File, Format Version 12.00
# Visual Studio Version 17
VisualStudioVersion = 17.2.32630.192
MinimumVisualStudioVersion = 10.0.40219.1
Project("{FAE04EC0-301F-11D3-BF4B-00C04F79EFBC}") = "While e Do While", "While e Do While\While e Do While.csproj", "{92455F04-1122-4488-A181-2B248256E73E}"
EndProject
Global
	GlobalSection(SolutionConfigurationPlatforms) = preSolution
		Debug|Any CPU = Debug|Any CPU
		Release|Any CPU = Release|Any CPU
	EndGlobalSection
	GlobalSection(ProjectConfigurationPlatforms) = postSolution
		{92455F04-1122-4488-A181-2B248256E73E}.Debug|Any CPU.ActiveCfg = Debug|Any CPU
		{92455F04-1122-4488-A181-2B248256E73E}.Debug|Any CPU.Build.0 = Debug|Any CPU
		{92455F04-1122-4488-A181-2B248256E73E}.Release|Any CPU.ActiveCfg = Release|Any CPU
		{92455F04-1122-4488-A181-2B248256E73E}.Release|Any CPU.Build.0 = Release|Any CPU
	EndGlobalSection
	GlobalSection(SolutionProperties) = preSolution
		HideSolutionNode = FALSE
	EndGlobalSection
	GlobalSection(ExtensibilityGlobals) = postSolution
		SolutionGuid = {AB6B0DFD-4DCB-4828-BAFE-F60A17C596D2}
	EndGlobalSection
EndGlobal
