
Microsoft Visual Studio Solution File, Format Version 12.00
# Visual Studio Version 17
VisualStudioVersion = 17.2.32630.192
MinimumVisualStudioVersion = 10.0.40219.1
Project("{FAE04EC0-301F-11D3-BF4B-00C04F79EFBC}") = "Novos Exercicios", "Novos Exercicios\Novos Exercicios.csproj", "{6D59AC10-B7FD-4045-9BAB-D44CD8C011D8}"
EndProject
Global
	GlobalSection(SolutionConfigurationPlatforms) = preSolution
		Debug|Any CPU = Debug|Any CPU
		Release|Any CPU = Release|Any CPU
	EndGlobalSection
	GlobalSection(ProjectConfigurationPlatforms) = postSolution
		{6D59AC10-B7FD-4045-9BAB-D44CD8C011D8}.Debug|Any CPU.ActiveCfg = Debug|Any CPU
		{6D59AC10-B7FD-4045-9BAB-D44CD8C011D8}.Debug|Any CPU.Build.0 = Debug|Any CPU
		{6D59AC10-B7FD-4045-9BAB-D44CD8C011D8}.Release|Any CPU.ActiveCfg = Release|Any CPU
		{6D59AC10-B7FD-4045-9BAB-D44CD8C011D8}.Release|Any CPU.Build.0 = Release|Any CPU
	EndGlobalSection
	GlobalSection(SolutionProperties) = preSolution
		HideSolutionNode = FALSE
	EndGlobalSection
	GlobalSection(ExtensibilityGlobals) = postSolution
		SolutionGuid = {C20D1CCF-6182-49D2-9522-7BB529D24DC9}
	EndGlobalSection
EndGlobal
