
Microsoft Visual Studio Solution File, Format Version 12.00
# Visual Studio Version 17
VisualStudioVersion = 17.3.32804.467
MinimumVisualStudioVersion = 10.0.40219.1
Project("{FAE04EC0-301F-11D3-BF4B-00C04F79EFBC}") = "Area de um Retangulo", "Area de um Retangulo\Area de um Retangulo.csproj", "{2062724B-A338-4089-8285-F50539CF0B4E}"
EndProject
Global
	GlobalSection(SolutionConfigurationPlatforms) = preSolution
		Debug|Any CPU = Debug|Any CPU
		Release|Any CPU = Release|Any CPU
	EndGlobalSection
	GlobalSection(ProjectConfigurationPlatforms) = postSolution
		{2062724B-A338-4089-8285-F50539CF0B4E}.Debug|Any CPU.ActiveCfg = Debug|Any CPU
		{2062724B-A338-4089-8285-F50539CF0B4E}.Debug|Any CPU.Build.0 = Debug|Any CPU
		{2062724B-A338-4089-8285-F50539CF0B4E}.Release|Any CPU.ActiveCfg = Release|Any CPU
		{2062724B-A338-4089-8285-F50539CF0B4E}.Release|Any CPU.Build.0 = Release|Any CPU
	EndGlobalSection
	GlobalSection(SolutionProperties) = preSolution
		HideSolutionNode = FALSE
	EndGlobalSection
	GlobalSection(ExtensibilityGlobals) = postSolution
		SolutionGuid = {15E57C28-FF10-455E-B82B-911B8954E06D}
	EndGlobalSection
EndGlobal
