
Microsoft Visual Studio Solution File, Format Version 12.00
# Visual Studio Version 17
VisualStudioVersion = 17.2.32630.192
MinimumVisualStudioVersion = 10.0.40219.1
Project("{FAE04EC0-301F-11D3-BF4B-00C04F79EFBC}") = "10Herança", "10Herança\10Herança.csproj", "{B1FA0AE9-EAAB-484D-BC7A-4D6259451C75}"
EndProject
Global
	GlobalSection(SolutionConfigurationPlatforms) = preSolution
		Debug|Any CPU = Debug|Any CPU
		Release|Any CPU = Release|Any CPU
	EndGlobalSection
	GlobalSection(ProjectConfigurationPlatforms) = postSolution
		{B1FA0AE9-EAAB-484D-BC7A-4D6259451C75}.Debug|Any CPU.ActiveCfg = Debug|Any CPU
		{B1FA0AE9-EAAB-484D-BC7A-4D6259451C75}.Debug|Any CPU.Build.0 = Debug|Any CPU
		{B1FA0AE9-EAAB-484D-BC7A-4D6259451C75}.Release|Any CPU.ActiveCfg = Release|Any CPU
		{B1FA0AE9-EAAB-484D-BC7A-4D6259451C75}.Release|Any CPU.Build.0 = Release|Any CPU
	EndGlobalSection
	GlobalSection(SolutionProperties) = preSolution
		HideSolutionNode = FALSE
	EndGlobalSection
	GlobalSection(ExtensibilityGlobals) = postSolution
		SolutionGuid = {EA9B84B9-220C-49C9-85A3-1D874D76AE1A}
	EndGlobalSection
EndGlobal
